
Microsoft Visual Studio Solution File, Format Version 12.00
# Visual Studio Version 16
VisualStudioVersion = 16.0.31112.23
MinimumVisualStudioVersion = 10.0.40219.1
Project("{8BC9CEB8-8B4A-11D0-8D11-00A0C91BC942}") = "haiyajan-menu", "haiyajan-menu.vcxproj", "{11F1DCBC-DA0A-4F37-8AB8-245B64CC1E41}"
EndProject
Global
	GlobalSection(SolutionConfigurationPlatforms) = preSolution
		Debug|x64 = Debug|x64
		Debug|x86 = Debug|x86
		Release|x64 = Release|x64
		Release|x86 = Release|x86
	EndGlobalSection
	GlobalSection(ProjectConfigurationPlatforms) = postSolution
		{11F1DCBC-DA0A-4F37-8AB8-245B64CC1E41}.Debug|x64.ActiveCfg = Debug|x64
		{11F1DCBC-DA0A-4F37-8AB8-245B64CC1E41}.Debug|x64.Build.0 = Debug|x64
		{11F1DCBC-DA0A-4F37-8AB8-245B64CC1E41}.Debug|x86.ActiveCfg = Debug|Win32
		{11F1DCBC-DA0A-4F37-8AB8-245B64CC1E41}.Debug|x86.Build.0 = Debug|Win32
		{11F1DCBC-DA0A-4F37-8AB8-245B64CC1E41}.Release|x64.ActiveCfg = Release|x64
		{11F1DCBC-DA0A-4F37-8AB8-245B64CC1E41}.Release|x64.Build.0 = Release|x64
		{11F1DCBC-DA0A-4F37-8AB8-245B64CC1E41}.Release|x86.ActiveCfg = Release|Win32
		{11F1DCBC-DA0A-4F37-8AB8-245B64CC1E41}.Release|x86.Build.0 = Release|Win32
	EndGlobalSection
	GlobalSection(SolutionProperties) = preSolution
		HideSolutionNode = FALSE
	EndGlobalSection
	GlobalSection(ExtensibilityGlobals) = postSolution
		SolutionGuid = {7E15F97A-124F-4E7F-8B55-D5D193BF0BB6}
	EndGlobalSection
EndGlobal
