<?xml version="1.0" encoding="utf-8"?>
<Project ToolsVersion="4.0" xmlns="http://schemas.microsoft.com/developer/msbuild/2003">
  <ItemGroup>
    <Filter Include="Source Files">
      <UniqueIdentifier>{4FC737F1-C7A5-4376-A066-2A32D752A2FF}</UniqueIdentifier>
      <Extensions>cpp;c;cc;cxx;def;odl;idl;hpj;bat;asm;asmx</Extensions>
    </Filter>
    <Filter Include="Header Files">
      <UniqueIdentifier>{93995380-89BD-4b04-88EB-625FBE52EBFB}</UniqueIdentifier>
      <Extensions>h;hh;hpp;hxx;hm;inl;inc;xsd</Extensions>
    </Filter>
    <Filter Include="Resource Files">
      <UniqueIdentifier>{67DA6AB6-F800-4c08-8B7A-83BB121AAD01}</UniqueIdentifier>
      <Extensions>rc;ico;cur;bmp;dlg;rc2;rct;bin;rgs;gif;jpg;jpeg;jpe;resx;tiff;tif;png;wav</Extensions>
    </Filter>
    <Filter Include="Documents">
      <UniqueIdentifier>{72a67333-238c-4399-a5a7-c9c92af0e0ef}</UniqueIdentifier>
    </Filter>
    <Filter Include="Source Files\t1ha">
      <UniqueIdentifier>{33c32c11-6000-432c-9722-f473f337e2cb}</UniqueIdentifier>
    </Filter>
  </ItemGroup>
  <ItemGroup>
    <ClCompile Include="..\..\src\main.c">
      <Filter>Source Files</Filter>
    </ClCompile>
    <ClCompile Include="..\..\src\ui.c">
      <Filter>Source Files</Filter>
    </ClCompile>
    <ClCompile Include="..\..\src\font.c">
      <Filter>Source Files</Filter>
    </ClCompile>
    <ClCompile Include="..\..\src\t1ha\t1ha_selfcheck.c">
      <Filter>Source Files\t1ha</Filter>
    </ClCompile>
    <ClCompile Include="..\..\src\t1ha\t1ha_selfcheck_all.c">
      <Filter>Source Files\t1ha</Filter>
    </ClCompile>
    <ClCompile Include="..\..\src\t1ha\t1ha0.c">
      <Filter>Source Files\t1ha</Filter>
    </ClCompile>
    <ClCompile Include="..\..\src\t1ha\t1ha0_ia32aes_avx.c">
      <Filter>Source Files\t1ha</Filter>
    </ClCompile>
    <ClCompile Include="..\..\src\t1ha\t1ha0_ia32aes_avx2.c">
      <Filter>Source Files\t1ha</Filter>
    </ClCompile>
    <ClCompile Include="..\..\src\t1ha\t1ha0_ia32aes_noavx.c">
      <Filter>Source Files\t1ha</Filter>
    </ClCompile>
    <ClCompile Include="..\..\src\t1ha\t1ha0_selfcheck.c">
      <Filter>Source Files\t1ha</Filter>
    </ClCompile>
    <ClCompile Include="..\..\src\t1ha\t1ha1.c">
      <Filter>Source Files\t1ha</Filter>
    </ClCompile>
    <ClCompile Include="..\..\src\t1ha\t1ha1_selfcheck.c">
      <Filter>Source Files\t1ha</Filter>
    </ClCompile>
    <ClCompile Include="..\..\src\t1ha\t1ha2.c">
      <Filter>Source Files\t1ha</Filter>
    </ClCompile>
    <ClCompile Include="..\..\src\t1ha\t1ha2_selfcheck.c">
      <Filter>Source Files\t1ha</Filter>
    </ClCompile>
  </ItemGroup>
  <ItemGroup>
    <ClInclude Include="..\..\inc\ui.h">
      <Filter>Header Files</Filter>
    </ClInclude>
    <ClInclude Include="..\..\inc\win_dirent.h">
      <Filter>Header Files</Filter>
    </ClInclude>
    <ClInclude Include="..\..\inc\stretchy_buffer.h">
      <Filter>Header Files</Filter>
    </ClInclude>
    <ClInclude Include="..\..\inc\font.h">
      <Filter>Header Files</Filter>
    </ClInclude>
    <ClInclude Include="..\..\src\t1ha\t1ha_bits.h">
      <Filter>Source Files\t1ha</Filter>
    </ClInclude>
    <ClInclude Include="..\..\src\t1ha\t1ha_selfcheck.h">
      <Filter>Source Files\t1ha</Filter>
    </ClInclude>
    <ClInclude Include="..\..\src\t1ha\t1ha0_ia32aes_a.h">
      <Filter>Source Files\t1ha</Filter>
    </ClInclude>
    <ClInclude Include="..\..\src\t1ha\t1ha0_ia32aes_b.h">
      <Filter>Source Files\t1ha</Filter>
    </ClInclude>
    <ClInclude Include="..\..\inc\t1ha.h">
      <Filter>Header Files</Filter>
    </ClInclude>
  </ItemGroup>
  <ItemGroup>
    <None Include="..\..\README.md">
      <Filter>Documents</Filter>
    </None>
    <None Include="..\..\DESIGN.md">
      <Filter>Documents</Filter>
    </None>
  </ItemGroup>
  <ItemGroup>
    <Image Include="..\..\meta\icon.ico">
      <Filter>Resource Files</Filter>
    </Image>
  </ItemGroup>
  <ItemGroup>
    <ResourceCompile Include="..\..\meta\winres.rc">
      <Filter>Resource Files</Filter>
    </ResourceCompile>
  </ItemGroup>
</Project>